
Microsoft Visual Studio Solution File, Format Version 12.00
# Visual Studio Version 17
VisualStudioVersion = 17.14.36408.4 d17.14
MinimumVisualStudioVersion = 10.0.40219.1
Project("{8BC9CEB8-8B4A-11D0-8D11-00A0C91BC942}") = "ConsoleApplication1", "ConsoleApplication1\ConsoleApplication1.vcxproj", "{D9FBA109-D478-4C36-AC4F-DD98F222B90D}"
EndProject
Global
	GlobalSection(SolutionConfigurationPlatforms) = preSolution
		Debug|x64 = Debug|x64
		Debug|x86 = Debug|x86
		Release|x64 = Release|x64
		Release|x86 = Release|x86
	EndGlobalSection
	GlobalSection(ProjectConfigurationPlatforms) = postSolution
		{D9FBA109-D478-4C36-AC4F-DD98F222B90D}.Debug|x64.ActiveCfg = Debug|x64
		{D9FBA109-D478-4C36-AC4F-DD98F222B90D}.Debug|x64.Build.0 = Debug|x64
		{D9FBA109-D478-4C36-AC4F-DD98F222B90D}.Debug|x86.ActiveCfg = Debug|Win32
		{D9FBA109-D478-4C36-AC4F-DD98F222B90D}.Debug|x86.Build.0 = Debug|Win32
		{D9FBA109-D478-4C36-AC4F-DD98F222B90D}.Release|x64.ActiveCfg = Release|x64
		{D9FBA109-D478-4C36-AC4F-DD98F222B90D}.Release|x64.Build.0 = Release|x64
		{D9FBA109-D478-4C36-AC4F-DD98F222B90D}.Release|x86.ActiveCfg = Release|Win32
		{D9FBA109-D478-4C36-AC4F-DD98F222B90D}.Release|x86.Build.0 = Release|Win32
	EndGlobalSection
	GlobalSection(SolutionProperties) = preSolution
		HideSolutionNode = FALSE
	EndGlobalSection
	GlobalSection(ExtensibilityGlobals) = postSolution
		SolutionGuid = {1959BACA-CE81-4E72-A099-742917C0015E}
	EndGlobalSection
EndGlobal
